
Microsoft Visual Studio Solution File, Format Version 12.00
# Visual Studio Version 17
VisualStudioVersion = 17.4.33213.308
MinimumVisualStudioVersion = 10.0.40219.1
Project("{2150E333-8FDC-42A3-9474-1A3956D46DE8}") = "Task-1", "Task-1", "{F3A044C6-F9E0-4386-B66A-B913C22F638B}"
EndProject
Project("{2150E333-8FDC-42A3-9474-1A3956D46DE8}") = "Core", "Core", "{D145C036-375C-4163-A939-AF80FDAE51D8}"
EndProject
Project("{2150E333-8FDC-42A3-9474-1A3956D46DE8}") = "Infrastructure", "Infrastructure", "{BF687C4D-8407-4049-97B9-CB82A6A26EDE}"
EndProject
Project("{2150E333-8FDC-42A3-9474-1A3956D46DE8}") = "Presentation", "Presentation", "{F1641CFE-5A1E-4C17-B185-FEDD7CF896D2}"
EndProject
Project("{9A19103F-16F7-4668-BE54-9A1E7A4F7556}") = "BookStoreAPI.Application", "Task-1\Core\BookStoreAPI.Application\BookStoreAPI.Application.csproj", "{AD414AD6-5CCF-4AFC-9286-F6AF27640827}"
EndProject
Project("{9A19103F-16F7-4668-BE54-9A1E7A4F7556}") = "BookStoreAPI.Domain", "Task-1\Core\BookStoreAPI.Domain\BookStoreAPI.Domain.csproj", "{3B170D30-AE59-4C39-BBCD-FCF37865CFE0}"
EndProject
Project("{9A19103F-16F7-4668-BE54-9A1E7A4F7556}") = "BookStoreAPI.Infrastructure", "Task-1\Infrastructure\BookStoreAPI.Infrastructure\BookStoreAPI.Infrastructure.csproj", "{6AA7B54D-69DB-4FE7-B54E-4F6C225C4BF9}"
EndProject
Project("{9A19103F-16F7-4668-BE54-9A1E7A4F7556}") = "BookStoreAPI.Persistence", "Task-1\Infrastructure\BookStoreAPI.Persistence\BookStoreAPI.Persistence.csproj", "{B9C6AA77-3BBF-43B1-93FC-BCEFE7ACF761}"
EndProject
Project("{9A19103F-16F7-4668-BE54-9A1E7A4F7556}") = "BookStoreAPI.API", "Task-1\Presentation\BookStoreAPI.API\BookStoreAPI.API.csproj", "{5738A906-4A2E-4329-AD55-7112DD4BA73D}"
EndProject
Project("{2150E333-8FDC-42A3-9474-1A3956D46DE8}") = "Task-2", "Task-2", "{F5008F06-E130-49F8-8D9B-861BD6867483}"
EndProject
Project("{2150E333-8FDC-42A3-9474-1A3956D46DE8}") = "Core", "Core", "{9D2A55E5-6638-4139-8529-3F48DCA4CF62}"
EndProject
Project("{2150E333-8FDC-42A3-9474-1A3956D46DE8}") = "Infrastructure", "Infrastructure", "{BC54C210-A590-4237-B14C-83CC8216BF87}"
EndProject
Project("{2150E333-8FDC-42A3-9474-1A3956D46DE8}") = "Presentation", "Presentation", "{AA491730-2884-4ED1-AC49-F53B49295B02}"
EndProject
Project("{9A19103F-16F7-4668-BE54-9A1E7A4F7556}") = "BookStoreAPI.Application", "Task-2\Core\BookStoreAPI.Application\BookStoreAPI.Application.csproj", "{5E8CE353-DB47-4F72-929C-07E12551F400}"
EndProject
Project("{9A19103F-16F7-4668-BE54-9A1E7A4F7556}") = "BookStoreAPI.Domain", "Task-2\Core\BookStoreAPI.Domain\BookStoreAPI.Domain.csproj", "{DF3908FA-F43B-483A-A792-A6536F3C32C5}"
EndProject
Project("{9A19103F-16F7-4668-BE54-9A1E7A4F7556}") = "BookStoreAPI.Infrastructure", "Task-2\Infrastructure\BookStoreAPI.Infrastructure\BookStoreAPI.Infrastructure.csproj", "{A312F047-791E-427C-B4E3-AABAB133E406}"
EndProject
Project("{9A19103F-16F7-4668-BE54-9A1E7A4F7556}") = "BookStoreAPI.Persistence", "Task-2\Infrastructure\BookStoreAPI.Persistence\BookStoreAPI.Persistence.csproj", "{9489C806-5206-489C-9B46-59471894F5C3}"
EndProject
Project("{9A19103F-16F7-4668-BE54-9A1E7A4F7556}") = "BookStoreAPI.API", "Task-2\Presentation\BookStoreAPI.API\BookStoreAPI.API.csproj", "{70D39447-4AB2-4495-AAE7-DE3305D49ED2}"
EndProject
Project("{2150E333-8FDC-42A3-9474-1A3956D46DE8}") = "Task-3", "Task-3", "{3DB32ED8-04D0-4443-A636-21579F9736F2}"
EndProject
Project("{FAE04EC0-301F-11D3-BF4B-00C04F79EFBC}") = "BookStoreAPI.API", "Task-3\BookStoreAPI.API\BookStoreAPI.API.csproj", "{4E7D772A-831A-4B65-980B-770E5FBDDEC4}"
EndProject
Project("{2150E333-8FDC-42A3-9474-1A3956D46DE8}") = "Task-4", "Task-4", "{D2083344-4658-42C0-A842-5D6DA589EBE3}"
EndProject
Project("{9A19103F-16F7-4668-BE54-9A1E7A4F7556}") = "BookStoreAPI.API", "Task-4\BookStoreAPI.API\BookStoreAPI.API.csproj", "{CA32A590-9FD1-4E3B-A0C8-6EFC2D98F8E2}"
EndProject
Project("{2150E333-8FDC-42A3-9474-1A3956D46DE8}") = "Task-6", "Task-6", "{3F76AECB-1752-4804-86EB-6FE771485CBE}"
EndProject
Project("{9A19103F-16F7-4668-BE54-9A1E7A4F7556}") = "BookStoreAPI.API", "Task-6\BookStoreAPI.API\BookStoreAPI.API.csproj", "{002F1ED0-64F3-467B-A4A7-F425525116B5}"
EndProject
Project("{2150E333-8FDC-42A3-9474-1A3956D46DE8}") = "Task-7", "Task-7", "{1C2B4608-0B94-42AB-AB21-4623D425F7E8}"
EndProject
Project("{2150E333-8FDC-42A3-9474-1A3956D46DE8}") = "Presentation", "Presentation", "{7CC5FB39-DEE4-4ADC-B86B-7CF8064DF44D}"
EndProject
Project("{2150E333-8FDC-42A3-9474-1A3956D46DE8}") = "Tests", "Tests", "{7553DA46-BD3E-4F04-AACE-25C30A93E03D}"
EndProject
Project("{9A19103F-16F7-4668-BE54-9A1E7A4F7556}") = "BookStoreAPI.API", "Task-7\Presentation\BookStoreAPI.API\BookStoreAPI.API.csproj", "{8DF37224-A9D3-40DC-98F3-5E22DF87981C}"
EndProject
Project("{9A19103F-16F7-4668-BE54-9A1E7A4F7556}") = "BookStoreAPI.UnitTests", "Task-7\Tests\BookStoreAPI.UnitTests\BookStoreAPI.UnitTests.csproj", "{549B8C16-F478-4669-915A-33B00267D8CB}"
EndProject
Project("{2150E333-8FDC-42A3-9474-1A3956D46DE8}") = "Task-8", "Task-8", "{5CDED7D3-A80E-4C2C-A471-2159014DE8D4}"
EndProject
Project("{2150E333-8FDC-42A3-9474-1A3956D46DE8}") = "Core", "Core", "{7DABCB8C-4C1F-46EB-A9C0-5830D70E5692}"
EndProject
Project("{2150E333-8FDC-42A3-9474-1A3956D46DE8}") = "Infrastructure", "Infrastructure", "{C0C06C40-FEF0-4555-851E-7381E3DC536E}"
EndProject
Project("{2150E333-8FDC-42A3-9474-1A3956D46DE8}") = "Presentation", "Presentation", "{E078981C-3B2B-4E32-B8F0-3EFF513B4DAB}"
EndProject
Project("{FAE04EC0-301F-11D3-BF4B-00C04F79EFBC}") = "MovieStore.Application", "Task-8\Core\MovieStore.Application\MovieStore.Application.csproj", "{6A22FF3C-34C5-41BE-9528-29D58CA282B8}"
EndProject
Project("{FAE04EC0-301F-11D3-BF4B-00C04F79EFBC}") = "MovieStore.Domain", "Task-8\Core\MovieStore.Domain\MovieStore.Domain.csproj", "{A5110675-BAD0-4D31-87D5-22A5929659DA}"
EndProject
Project("{FAE04EC0-301F-11D3-BF4B-00C04F79EFBC}") = "MovieStore.Infrastructure", "Task-8\Infrastructure\MovieStore.Infrastructure\MovieStore.Infrastructure.csproj", "{F7E14CA1-E732-4A45-8336-3F608EDDE8F6}"
EndProject
Project("{FAE04EC0-301F-11D3-BF4B-00C04F79EFBC}") = "MovieStore.Persistence", "Task-8\Infrastructure\MovieStore.Persistence\MovieStore.Persistence.csproj", "{03373478-0DAF-4110-91CA-C51671EBDDA6}"
EndProject
Project("{FAE04EC0-301F-11D3-BF4B-00C04F79EFBC}") = "MovieStore.API", "Task-8\Presentation\MovieStore.API\MovieStore.API.csproj", "{6F2D9755-D2F9-4E22-8141-E55D58F445A2}"
EndProject
Global
	GlobalSection(SolutionConfigurationPlatforms) = preSolution
		Debug|Any CPU = Debug|Any CPU
		Release|Any CPU = Release|Any CPU
	EndGlobalSection
	GlobalSection(ProjectConfigurationPlatforms) = postSolution
		{AD414AD6-5CCF-4AFC-9286-F6AF27640827}.Debug|Any CPU.ActiveCfg = Debug|Any CPU
		{AD414AD6-5CCF-4AFC-9286-F6AF27640827}.Debug|Any CPU.Build.0 = Debug|Any CPU
		{AD414AD6-5CCF-4AFC-9286-F6AF27640827}.Release|Any CPU.ActiveCfg = Release|Any CPU
		{AD414AD6-5CCF-4AFC-9286-F6AF27640827}.Release|Any CPU.Build.0 = Release|Any CPU
		{3B170D30-AE59-4C39-BBCD-FCF37865CFE0}.Debug|Any CPU.ActiveCfg = Debug|Any CPU
		{3B170D30-AE59-4C39-BBCD-FCF37865CFE0}.Debug|Any CPU.Build.0 = Debug|Any CPU
		{3B170D30-AE59-4C39-BBCD-FCF37865CFE0}.Release|Any CPU.ActiveCfg = Release|Any CPU
		{3B170D30-AE59-4C39-BBCD-FCF37865CFE0}.Release|Any CPU.Build.0 = Release|Any CPU
		{6AA7B54D-69DB-4FE7-B54E-4F6C225C4BF9}.Debug|Any CPU.ActiveCfg = Debug|Any CPU
		{6AA7B54D-69DB-4FE7-B54E-4F6C225C4BF9}.Debug|Any CPU.Build.0 = Debug|Any CPU
		{6AA7B54D-69DB-4FE7-B54E-4F6C225C4BF9}.Release|Any CPU.ActiveCfg = Release|Any CPU
		{6AA7B54D-69DB-4FE7-B54E-4F6C225C4BF9}.Release|Any CPU.Build.0 = Release|Any CPU
		{B9C6AA77-3BBF-43B1-93FC-BCEFE7ACF761}.Debug|Any CPU.ActiveCfg = Debug|Any CPU
		{B9C6AA77-3BBF-43B1-93FC-BCEFE7ACF761}.Debug|Any CPU.Build.0 = Debug|Any CPU
		{B9C6AA77-3BBF-43B1-93FC-BCEFE7ACF761}.Release|Any CPU.ActiveCfg = Release|Any CPU
		{B9C6AA77-3BBF-43B1-93FC-BCEFE7ACF761}.Release|Any CPU.Build.0 = Release|Any CPU
		{5738A906-4A2E-4329-AD55-7112DD4BA73D}.Debug|Any CPU.ActiveCfg = Debug|Any CPU
		{5738A906-4A2E-4329-AD55-7112DD4BA73D}.Debug|Any CPU.Build.0 = Debug|Any CPU
		{5738A906-4A2E-4329-AD55-7112DD4BA73D}.Release|Any CPU.ActiveCfg = Release|Any CPU
		{5738A906-4A2E-4329-AD55-7112DD4BA73D}.Release|Any CPU.Build.0 = Release|Any CPU
		{5E8CE353-DB47-4F72-929C-07E12551F400}.Debug|Any CPU.ActiveCfg = Debug|Any CPU
		{5E8CE353-DB47-4F72-929C-07E12551F400}.Debug|Any CPU.Build.0 = Debug|Any CPU
		{5E8CE353-DB47-4F72-929C-07E12551F400}.Release|Any CPU.ActiveCfg = Release|Any CPU
		{5E8CE353-DB47-4F72-929C-07E12551F400}.Release|Any CPU.Build.0 = Release|Any CPU
		{DF3908FA-F43B-483A-A792-A6536F3C32C5}.Debug|Any CPU.ActiveCfg = Debug|Any CPU
		{DF3908FA-F43B-483A-A792-A6536F3C32C5}.Debug|Any CPU.Build.0 = Debug|Any CPU
		{DF3908FA-F43B-483A-A792-A6536F3C32C5}.Release|Any CPU.ActiveCfg = Release|Any CPU
		{DF3908FA-F43B-483A-A792-A6536F3C32C5}.Release|Any CPU.Build.0 = Release|Any CPU
		{A312F047-791E-427C-B4E3-AABAB133E406}.Debug|Any CPU.ActiveCfg = Debug|Any CPU
		{A312F047-791E-427C-B4E3-AABAB133E406}.Debug|Any CPU.Build.0 = Debug|Any CPU
		{A312F047-791E-427C-B4E3-AABAB133E406}.Release|Any CPU.ActiveCfg = Release|Any CPU
		{A312F047-791E-427C-B4E3-AABAB133E406}.Release|Any CPU.Build.0 = Release|Any CPU
		{9489C806-5206-489C-9B46-59471894F5C3}.Debug|Any CPU.ActiveCfg = Debug|Any CPU
		{9489C806-5206-489C-9B46-59471894F5C3}.Debug|Any CPU.Build.0 = Debug|Any CPU
		{9489C806-5206-489C-9B46-59471894F5C3}.Release|Any CPU.ActiveCfg = Release|Any CPU
		{9489C806-5206-489C-9B46-59471894F5C3}.Release|Any CPU.Build.0 = Release|Any CPU
		{70D39447-4AB2-4495-AAE7-DE3305D49ED2}.Debug|Any CPU.ActiveCfg = Debug|Any CPU
		{70D39447-4AB2-4495-AAE7-DE3305D49ED2}.Debug|Any CPU.Build.0 = Debug|Any CPU
		{70D39447-4AB2-4495-AAE7-DE3305D49ED2}.Release|Any CPU.ActiveCfg = Release|Any CPU
		{70D39447-4AB2-4495-AAE7-DE3305D49ED2}.Release|Any CPU.Build.0 = Release|Any CPU
		{4E7D772A-831A-4B65-980B-770E5FBDDEC4}.Debug|Any CPU.ActiveCfg = Debug|Any CPU
		{4E7D772A-831A-4B65-980B-770E5FBDDEC4}.Debug|Any CPU.Build.0 = Debug|Any CPU
		{4E7D772A-831A-4B65-980B-770E5FBDDEC4}.Release|Any CPU.ActiveCfg = Release|Any CPU
		{4E7D772A-831A-4B65-980B-770E5FBDDEC4}.Release|Any CPU.Build.0 = Release|Any CPU
		{CA32A590-9FD1-4E3B-A0C8-6EFC2D98F8E2}.Debug|Any CPU.ActiveCfg = Debug|Any CPU
		{CA32A590-9FD1-4E3B-A0C8-6EFC2D98F8E2}.Debug|Any CPU.Build.0 = Debug|Any CPU
		{CA32A590-9FD1-4E3B-A0C8-6EFC2D98F8E2}.Release|Any CPU.ActiveCfg = Release|Any CPU
		{CA32A590-9FD1-4E3B-A0C8-6EFC2D98F8E2}.Release|Any CPU.Build.0 = Release|Any CPU
		{002F1ED0-64F3-467B-A4A7-F425525116B5}.Debug|Any CPU.ActiveCfg = Debug|Any CPU
		{002F1ED0-64F3-467B-A4A7-F425525116B5}.Debug|Any CPU.Build.0 = Debug|Any CPU
		{002F1ED0-64F3-467B-A4A7-F425525116B5}.Release|Any CPU.ActiveCfg = Release|Any CPU
		{002F1ED0-64F3-467B-A4A7-F425525116B5}.Release|Any CPU.Build.0 = Release|Any CPU
		{8DF37224-A9D3-40DC-98F3-5E22DF87981C}.Debug|Any CPU.ActiveCfg = Debug|Any CPU
		{8DF37224-A9D3-40DC-98F3-5E22DF87981C}.Debug|Any CPU.Build.0 = Debug|Any CPU
		{8DF37224-A9D3-40DC-98F3-5E22DF87981C}.Release|Any CPU.ActiveCfg = Release|Any CPU
		{8DF37224-A9D3-40DC-98F3-5E22DF87981C}.Release|Any CPU.Build.0 = Release|Any CPU
		{549B8C16-F478-4669-915A-33B00267D8CB}.Debug|Any CPU.ActiveCfg = Debug|Any CPU
		{549B8C16-F478-4669-915A-33B00267D8CB}.Debug|Any CPU.Build.0 = Debug|Any CPU
		{549B8C16-F478-4669-915A-33B00267D8CB}.Release|Any CPU.ActiveCfg = Release|Any CPU
		{549B8C16-F478-4669-915A-33B00267D8CB}.Release|Any CPU.Build.0 = Release|Any CPU
		{6A22FF3C-34C5-41BE-9528-29D58CA282B8}.Debug|Any CPU.ActiveCfg = Debug|Any CPU
		{6A22FF3C-34C5-41BE-9528-29D58CA282B8}.Debug|Any CPU.Build.0 = Debug|Any CPU
		{6A22FF3C-34C5-41BE-9528-29D58CA282B8}.Release|Any CPU.ActiveCfg = Release|Any CPU
		{6A22FF3C-34C5-41BE-9528-29D58CA282B8}.Release|Any CPU.Build.0 = Release|Any CPU
		{A5110675-BAD0-4D31-87D5-22A5929659DA}.Debug|Any CPU.ActiveCfg = Debug|Any CPU
		{A5110675-BAD0-4D31-87D5-22A5929659DA}.Debug|Any CPU.Build.0 = Debug|Any CPU
		{A5110675-BAD0-4D31-87D5-22A5929659DA}.Release|Any CPU.ActiveCfg = Release|Any CPU
		{A5110675-BAD0-4D31-87D5-22A5929659DA}.Release|Any CPU.Build.0 = Release|Any CPU
		{F7E14CA1-E732-4A45-8336-3F608EDDE8F6}.Debug|Any CPU.ActiveCfg = Debug|Any CPU
		{F7E14CA1-E732-4A45-8336-3F608EDDE8F6}.Debug|Any CPU.Build.0 = Debug|Any CPU
		{F7E14CA1-E732-4A45-8336-3F608EDDE8F6}.Release|Any CPU.ActiveCfg = Release|Any CPU
		{F7E14CA1-E732-4A45-8336-3F608EDDE8F6}.Release|Any CPU.Build.0 = Release|Any CPU
		{03373478-0DAF-4110-91CA-C51671EBDDA6}.Debug|Any CPU.ActiveCfg = Debug|Any CPU
		{03373478-0DAF-4110-91CA-C51671EBDDA6}.Debug|Any CPU.Build.0 = Debug|Any CPU
		{03373478-0DAF-4110-91CA-C51671EBDDA6}.Release|Any CPU.ActiveCfg = Release|Any CPU
		{03373478-0DAF-4110-91CA-C51671EBDDA6}.Release|Any CPU.Build.0 = Release|Any CPU
		{6F2D9755-D2F9-4E22-8141-E55D58F445A2}.Debug|Any CPU.ActiveCfg = Debug|Any CPU
		{6F2D9755-D2F9-4E22-8141-E55D58F445A2}.Debug|Any CPU.Build.0 = Debug|Any CPU
		{6F2D9755-D2F9-4E22-8141-E55D58F445A2}.Release|Any CPU.ActiveCfg = Release|Any CPU
		{6F2D9755-D2F9-4E22-8141-E55D58F445A2}.Release|Any CPU.Build.0 = Release|Any CPU
	EndGlobalSection
	GlobalSection(SolutionProperties) = preSolution
		HideSolutionNode = FALSE
	EndGlobalSection
	GlobalSection(NestedProjects) = preSolution
		{D145C036-375C-4163-A939-AF80FDAE51D8} = {F3A044C6-F9E0-4386-B66A-B913C22F638B}
		{BF687C4D-8407-4049-97B9-CB82A6A26EDE} = {F3A044C6-F9E0-4386-B66A-B913C22F638B}
		{F1641CFE-5A1E-4C17-B185-FEDD7CF896D2} = {F3A044C6-F9E0-4386-B66A-B913C22F638B}
		{AD414AD6-5CCF-4AFC-9286-F6AF27640827} = {D145C036-375C-4163-A939-AF80FDAE51D8}
		{3B170D30-AE59-4C39-BBCD-FCF37865CFE0} = {D145C036-375C-4163-A939-AF80FDAE51D8}
		{6AA7B54D-69DB-4FE7-B54E-4F6C225C4BF9} = {BF687C4D-8407-4049-97B9-CB82A6A26EDE}
		{B9C6AA77-3BBF-43B1-93FC-BCEFE7ACF761} = {BF687C4D-8407-4049-97B9-CB82A6A26EDE}
		{5738A906-4A2E-4329-AD55-7112DD4BA73D} = {F1641CFE-5A1E-4C17-B185-FEDD7CF896D2}
		{9D2A55E5-6638-4139-8529-3F48DCA4CF62} = {F5008F06-E130-49F8-8D9B-861BD6867483}
		{BC54C210-A590-4237-B14C-83CC8216BF87} = {F5008F06-E130-49F8-8D9B-861BD6867483}
		{AA491730-2884-4ED1-AC49-F53B49295B02} = {F5008F06-E130-49F8-8D9B-861BD6867483}
		{5E8CE353-DB47-4F72-929C-07E12551F400} = {9D2A55E5-6638-4139-8529-3F48DCA4CF62}
		{DF3908FA-F43B-483A-A792-A6536F3C32C5} = {9D2A55E5-6638-4139-8529-3F48DCA4CF62}
		{A312F047-791E-427C-B4E3-AABAB133E406} = {BC54C210-A590-4237-B14C-83CC8216BF87}
		{9489C806-5206-489C-9B46-59471894F5C3} = {BC54C210-A590-4237-B14C-83CC8216BF87}
		{70D39447-4AB2-4495-AAE7-DE3305D49ED2} = {AA491730-2884-4ED1-AC49-F53B49295B02}
		{4E7D772A-831A-4B65-980B-770E5FBDDEC4} = {3DB32ED8-04D0-4443-A636-21579F9736F2}
		{CA32A590-9FD1-4E3B-A0C8-6EFC2D98F8E2} = {D2083344-4658-42C0-A842-5D6DA589EBE3}
		{002F1ED0-64F3-467B-A4A7-F425525116B5} = {3F76AECB-1752-4804-86EB-6FE771485CBE}
		{7CC5FB39-DEE4-4ADC-B86B-7CF8064DF44D} = {1C2B4608-0B94-42AB-AB21-4623D425F7E8}
		{7553DA46-BD3E-4F04-AACE-25C30A93E03D} = {1C2B4608-0B94-42AB-AB21-4623D425F7E8}
		{8DF37224-A9D3-40DC-98F3-5E22DF87981C} = {7CC5FB39-DEE4-4ADC-B86B-7CF8064DF44D}
		{549B8C16-F478-4669-915A-33B00267D8CB} = {7553DA46-BD3E-4F04-AACE-25C30A93E03D}
		{7DABCB8C-4C1F-46EB-A9C0-5830D70E5692} = {5CDED7D3-A80E-4C2C-A471-2159014DE8D4}
		{C0C06C40-FEF0-4555-851E-7381E3DC536E} = {5CDED7D3-A80E-4C2C-A471-2159014DE8D4}
		{E078981C-3B2B-4E32-B8F0-3EFF513B4DAB} = {5CDED7D3-A80E-4C2C-A471-2159014DE8D4}
		{6A22FF3C-34C5-41BE-9528-29D58CA282B8} = {7DABCB8C-4C1F-46EB-A9C0-5830D70E5692}
		{A5110675-BAD0-4D31-87D5-22A5929659DA} = {7DABCB8C-4C1F-46EB-A9C0-5830D70E5692}
		{F7E14CA1-E732-4A45-8336-3F608EDDE8F6} = {C0C06C40-FEF0-4555-851E-7381E3DC536E}
		{03373478-0DAF-4110-91CA-C51671EBDDA6} = {C0C06C40-FEF0-4555-851E-7381E3DC536E}
		{6F2D9755-D2F9-4E22-8141-E55D58F445A2} = {E078981C-3B2B-4E32-B8F0-3EFF513B4DAB}
	EndGlobalSection
	GlobalSection(ExtensibilityGlobals) = postSolution
		SolutionGuid = {D0966415-A6E9-4DCD-ADE2-FD4F828C474F}
	EndGlobalSection
EndGlobal
